{
	"name": "actions-attic",
	"version": "0.0.0",
	"lockfileVersion": 3,
	"requires": true,
	"packages": {
		"": {
			"name": "actions-attic",
			"version": "0.0.0",
			"license": "MIT",
			"devDependencies": {
				"@actions/core": "^3.0.0",
				"@actions/exec": "^3.0.0",
				"@types/node": "20.9.4",
				"@vercel/ncc": "0.38.1",
				"prettier": "3.1.0",
				"slugify": "^1.6.6",
				"typescript": "^5.2.2"
			}
		},
		"node_modules/@actions/core": {
			"version": "3.0.1",
			"resolved": "https://registry.npmjs.org/@actions/core/-/core-3.0.1.tgz",
			"integrity": "sha512-a6d/Nwahm9fliVGRhdhofo40HjHQasUPusmc7vBfyky+7Z+P2A1J68zyFVaNcEclc/Se+eO595oAr5nwEIoIUA==",
			"dev": true,
			"license": "MIT",
			"dependencies": {
				"@actions/exec": "^3.0.0",
				"@actions/http-client": "^4.0.0"
			}
		},
		"node_modules/@actions/exec": {
			"version": "3.0.0",
			"resolved": "https://registry.npmjs.org/@actions/exec/-/exec-3.0.0.tgz",
			"integrity": "sha512-6xH/puSoNBXb72VPlZVm7vQ+svQpFyA96qdDBvhB8eNZOE8LtPf9L4oAsfzK/crCL8YZ+19fKYVnM63Sl+Xzlw==",
			"dev": true,
			"license": "MIT",
			"dependencies": {
				"@actions/io": "^3.0.2"
			}
		},
		"node_modules/@actions/http-client": {
			"version": "4.0.1",
			"resolved": "https://registry.npmjs.org/@actions/http-client/-/http-client-4.0.1.tgz",
			"integrity": "sha512-+Nvd1ImaOZBSoPbsUtEhv+1z99H12xzncCkz0a3RuehINE81FZSe2QTj3uvAPTcJX/SCzUQHQ0D1GrPMbrPitg==",
			"dev": true,
			"license": "MIT",
			"dependencies": {
				"tunnel": "^0.0.6",
				"undici": "^6.23.0"
			}
		},
		"node_modules/@actions/io": {
			"version": "3.0.2",
			"resolved": "https://registry.npmjs.org/@actions/io/-/io-3.0.2.tgz",
			"integrity": "sha512-nRBchcMM+QK1pdjO7/idu86rbJI5YHUKCvKs0KxnSYbVe3F51UfGxuZX4Qy/fWlp6l7gWFwIkrOzN+oUK03kfw==",
			"dev": true,
			"license": "MIT"
		},
		"node_modules/@types/node": {
			"version": "20.9.4",
			"resolved": "https://registry.npmjs.org/@types/node/-/node-20.9.4.tgz",
			"integrity": "sha512-wmyg8HUhcn6ACjsn8oKYjkN/zUzQeNtMy44weTJSM6p4MMzEOuKbA3OjJ267uPCOW7Xex9dyrNTful8XTQYoDA==",
			"dev": true,
			"dependencies": {
				"undici-types": "~5.26.4"
			}
		},
		"node_modules/@vercel/ncc": {
			"version": "0.38.1",
			"resolved": "https://registry.npmjs.org/@vercel/ncc/-/ncc-0.38.1.tgz",
			"integrity": "sha512-IBBb+iI2NLu4VQn3Vwldyi2QwaXt5+hTyh58ggAMoCGE6DJmPvwL3KPBWcJl1m9LYPChBLE980Jw+CS4Wokqxw==",
			"dev": true,
			"bin": {
				"ncc": "dist/ncc/cli.js"
			}
		},
		"node_modules/prettier": {
			"version": "3.1.0",
			"resolved": "https://registry.npmjs.org/prettier/-/prettier-3.1.0.tgz",
			"integrity": "sha512-TQLvXjq5IAibjh8EpBIkNKxO749UEWABoiIZehEPiY4GNpVdhaFKqSTu+QrlU6D2dPAfubRmtJTi4K4YkQ5eXw==",
			"dev": true,
			"bin": {
				"prettier": "bin/prettier.cjs"
			},
			"engines": {
				"node": ">=14"
			},
			"funding": {
				"url": "https://github.com/prettier/prettier?sponsor=1"
			}
		},
		"node_modules/slugify": {
			"version": "1.6.6",
			"resolved": "https://registry.npmjs.org/slugify/-/slugify-1.6.6.tgz",
			"integrity": "sha512-h+z7HKHYXj6wJU+AnS/+IH8Uh9fdcX1Lrhg1/VMdf9PwoBQXFcXiAdsy2tSK0P6gKwJLXp02r90ahUCqHk9rrw==",
			"dev": true,
			"engines": {
				"node": ">=8.0.0"
			}
		},
		"node_modules/tunnel": {
			"version": "0.0.6",
			"resolved": "https://registry.npmjs.org/tunnel/-/tunnel-0.0.6.tgz",
			"integrity": "sha512-1h/Lnq9yajKY2PEbBadPXj3VxsDDu844OnaAo52UVmIzIvwwtBPIuNvkjuzBlTWpfJyUbG3ez0KSBibQkj4ojg==",
			"dev": true,
			"engines": {
				"node": ">=0.6.11 <=0.7.0 || >=0.7.3"
			}
		},
		"node_modules/typescript": {
			"version": "5.3.2",
			"resolved": "https://registry.npmjs.org/typescript/-/typescript-5.3.2.tgz",
			"integrity": "sha512-6l+RyNy7oAHDfxC4FzSJcz9vnjTKxrLpDG5M2Vu4SHRVNg6xzqZp6LYSR9zjqQTu8DU/f5xwxUdADOkbrIX2gQ==",
			"dev": true,
			"bin": {
				"tsc": "bin/tsc",
				"tsserver": "bin/tsserver"
			},
			"engines": {
				"node": ">=14.17"
			}
		},
		"node_modules/undici": {
			"version": "6.25.0",
			"resolved": "https://registry.npmjs.org/undici/-/undici-6.25.0.tgz",
			"integrity": "sha512-ZgpWDC5gmNiuY9CnLVXEH8rl50xhRCuLNA97fAUnKi8RRuV4E6KG31pDTsLVUKnohJE0I3XDrTeEydAXRw47xg==",
			"dev": true,
			"license": "MIT",
			"engines": {
				"node": ">=18.17"
			}
		},
		"node_modules/undici-types": {
			"version": "5.26.5",
			"resolved": "https://registry.npmjs.org/undici-types/-/undici-types-5.26.5.tgz",
			"integrity": "sha512-JlCMO+ehdEIKqlFxk6IfVoAUVmgz7cU7zD/h9XZ0qzeosSHmUJVOzSQvvYSYWXkFXC+IfLKSIffhv0sVZup6pA==",
			"dev": true
		}
	}
}
